Microsoft Visual Studio Solution File, Format Version 12.00
# Visual Studio 15
VisualStudioVersion = 15.0.27004.2006
MinimumVisualStudioVersion = 15.0.26124.0
Project("{9A19103F-16F7-4668-BE54-9A1E7A4F7556}") = "rOOnscape.Core", "rOOnscape.core\rOOnscape.Core.csproj", "{BC2AE8EA-19BF-4C59-9323-8F8AA6EFF978}"
EndProject
Project("{9A19103F-16F7-4668-BE54-9A1E7A4F7556}") = "rOOnscape.Structures", "rOOnscape.Structures\rOOnscape.Structures.csproj", "{0CB3B740-8A1C-4B06-9D0F-461F96F3875F}"
EndProject
Project("{FAE04EC0-301F-11D3-BF4B-00C04F79EFBC}") = "rOOnscape", "rOOnscape\rOOnscape.csproj", "{77599768-3C7F-4BEF-A120-5E9C9F51C040}"
EndProject
Global
	GlobalSection(SolutionConfigurationPlatforms) = preSolution
		Debug|Any CPU = Debug|Any CPU
		Debug|x64 = Debug|x64
		Debug|x86 = Debug|x86
		Release|Any CPU = Release|Any CPU
		Release|x64 = Release|x64
		Release|x86 = Release|x86
	EndGlobalSection
	GlobalSection(ProjectConfigurationPlatforms) = postSolution
		{BC2AE8EA-19BF-4C59-9323-8F8AA6EFF978}.Debug|Any CPU.ActiveCfg = Debug|Any CPU
		{BC2AE8EA-19BF-4C59-9323-8F8AA6EFF978}.Debug|Any CPU.Build.0 = Debug|Any CPU
		{BC2AE8EA-19BF-4C59-9323-8F8AA6EFF978}.Debug|x64.ActiveCfg = Debug|Any CPU
		{BC2AE8EA-19BF-4C59-9323-8F8AA6EFF978}.Debug|x64.Build.0 = Debug|Any CPU
		{BC2AE8EA-19BF-4C59-9323-8F8AA6EFF978}.Debug|x86.ActiveCfg = Debug|Any CPU
		{BC2AE8EA-19BF-4C59-9323-8F8AA6EFF978}.Debug|x86.Build.0 = Debug|Any CPU
		{BC2AE8EA-19BF-4C59-9323-8F8AA6EFF978}.Release|Any CPU.ActiveCfg = Release|Any CPU
		{BC2AE8EA-19BF-4C59-9323-8F8AA6EFF978}.Release|Any CPU.Build.0 = Release|Any CPU
		{BC2AE8EA-19BF-4C59-9323-8F8AA6EFF978}.Release|x64.ActiveCfg = Release|Any CPU
		{BC2AE8EA-19BF-4C59-9323-8F8AA6EFF978}.Release|x64.Build.0 = Release|Any CPU
		{BC2AE8EA-19BF-4C59-9323-8F8AA6EFF978}.Release|x86.ActiveCfg = Release|Any CPU
		{BC2AE8EA-19BF-4C59-9323-8F8AA6EFF978}.Release|x86.Build.0 = Release|Any CPU
		{0CB3B740-8A1C-4B06-9D0F-461F96F3875F}.Debug|Any CPU.ActiveCfg = Debug|Any CPU
		{0CB3B740-8A1C-4B06-9D0F-461F96F3875F}.Debug|Any CPU.Build.0 = Debug|Any CPU
		{0CB3B740-8A1C-4B06-9D0F-461F96F3875F}.Debug|x64.ActiveCfg = Debug|Any CPU
		{0CB3B740-8A1C-4B06-9D0F-461F96F3875F}.Debug|x64.Build.0 = Debug|Any CPU
		{0CB3B740-8A1C-4B06-9D0F-461F96F3875F}.Debug|x86.ActiveCfg = Debug|Any CPU
		{0CB3B740-8A1C-4B06-9D0F-461F96F3875F}.Debug|x86.Build.0 = Debug|Any CPU
		{0CB3B740-8A1C-4B06-9D0F-461F96F3875F}.Release|Any CPU.ActiveCfg = Release|Any CPU
		{0CB3B740-8A1C-4B06-9D0F-461F96F3875F}.Release|Any CPU.Build.0 = Release|Any CPU
		{0CB3B740-8A1C-4B06-9D0F-461F96F3875F}.Release|x64.ActiveCfg = Release|Any CPU
		{0CB3B740-8A1C-4B06-9D0F-461F96F3875F}.Release|x64.Build.0 = Release|Any CPU
		{0CB3B740-8A1C-4B06-9D0F-461F96F3875F}.Release|x86.ActiveCfg = Release|Any CPU
		{0CB3B740-8A1C-4B06-9D0F-461F96F3875F}.Release|x86.Build.0 = Release|Any CPU
		{77599768-3C7F-4BEF-A120-5E9C9F51C040}.Debug|Any CPU.ActiveCfg = Debug|Any CPU
		{77599768-3C7F-4BEF-A120-5E9C9F51C040}.Debug|Any CPU.Build.0 = Debug|Any CPU
		{77599768-3C7F-4BEF-A120-5E9C9F51C040}.Debug|x64.ActiveCfg = Debug|Any CPU
		{77599768-3C7F-4BEF-A120-5E9C9F51C040}.Debug|x64.Build.0 = Debug|Any CPU
		{77599768-3C7F-4BEF-A120-5E9C9F51C040}.Debug|x86.ActiveCfg = Debug|Any CPU
		{77599768-3C7F-4BEF-A120-5E9C9F51C040}.Debug|x86.Build.0 = Debug|Any CPU
		{77599768-3C7F-4BEF-A120-5E9C9F51C040}.Release|Any CPU.ActiveCfg = Release|Any CPU
		{77599768-3C7F-4BEF-A120-5E9C9F51C040}.Release|Any CPU.Build.0 = Release|Any CPU
		{77599768-3C7F-4BEF-A120-5E9C9F51C040}.Release|x64.ActiveCfg = Release|Any CPU
		{77599768-3C7F-4BEF-A120-5E9C9F51C040}.Release|x64.Build.0 = Release|Any CPU
		{77599768-3C7F-4BEF-A120-5E9C9F51C040}.Release|x86.ActiveCfg = Release|Any CPU
		{77599768-3C7F-4BEF-A120-5E9C9F51C040}.Release|x86.Build.0 = Release|Any CPU
	EndGlobalSection
	GlobalSection(SolutionProperties) = preSolution
		HideSolutionNode = FALSE
	EndGlobalSection
	GlobalSection(ExtensibilityGlobals) = postSolution
		SolutionGuid = {FF54BC00-59F0-47A8-BDA2-145FA9BEEABD}
	EndGlobalSection
EndGlobal
